
Microsoft Visual Studio Solution File, Format Version 12.00
# Visual Studio Version 17
VisualStudioVersion = 17.2.32602.215
MinimumVisualStudioVersion = 10.0.40219.1
Project("{FAE04EC0-301F-11D3-BF4B-00C04F79EFBC}") = "Lab4", "Lab4\Lab4.csproj", "{03BDEE3B-9E07-44F0-9E01-97D37B88E44C}"
EndProject
Project("{2150E333-8FDC-42A3-9474-1A3956D46DE8}") = "Solution Items", "Solution Items", "{A238CBD2-9709-4AEB-B023-4B51716CFC1F}"
EndProject
Global
	GlobalSection(SolutionConfigurationPlatforms) = preSolution
		Debug|Any CPU = Debug|Any CPU
		Release|Any CPU = Release|Any CPU
	EndGlobalSection
	GlobalSection(ProjectConfigurationPlatforms) = postSolution
		{03BDEE3B-9E07-44F0-9E01-97D37B88E44C}.Debug|Any CPU.ActiveCfg = Debug|Any CPU
		{03BDEE3B-9E07-44F0-9E01-97D37B88E44C}.Debug|Any CPU.Build.0 = Debug|Any CPU
		{03BDEE3B-9E07-44F0-9E01-97D37B88E44C}.Release|Any CPU.ActiveCfg = Release|Any CPU
		{03BDEE3B-9E07-44F0-9E01-97D37B88E44C}.Release|Any CPU.Build.0 = Release|Any CPU
	EndGlobalSection
	GlobalSection(SolutionProperties) = preSolution
		HideSolutionNode = FALSE
	EndGlobalSection
	GlobalSection(ExtensibilityGlobals) = postSolution
		SolutionGuid = {A2ECEC3A-67AE-487E-B5AD-DF323F45992C}
	EndGlobalSection
EndGlobal
